
Microsoft Visual Studio Solution File, Format Version 12.00
# Visual Studio Version 17
VisualStudioVersion = 17.0.31612.314
MinimumVisualStudioVersion = 10.0.40219.1
Project("{FAE04EC0-301F-11D3-BF4B-00C04F79EFBC}") = "CatchGame", "CatchGame.csproj", "{A64C20EB-ECC3-41E5-86D3-CF930492654F}"
EndProject
Global
	GlobalSection(SolutionConfigurationPlatforms) = preSolution
		Debug|Any CPU = Debug|Any CPU
		Release|Any CPU = Release|Any CPU
	EndGlobalSection
	GlobalSection(ProjectConfigurationPlatforms) = postSolution
		{A64C20EB-ECC3-41E5-86D3-CF930492654F}.Debug|Any CPU.ActiveCfg = Debug|Any CPU
		{A64C20EB-ECC3-41E5-86D3-CF930492654F}.Debug|Any CPU.Build.0 = Debug|Any CPU
		{A64C20EB-ECC3-41E5-86D3-CF930492654F}.Release|Any CPU.ActiveCfg = Release|Any CPU
		{A64C20EB-ECC3-41E5-86D3-CF930492654F}.Release|Any CPU.Build.0 = Release|Any CPU
	EndGlobalSection
	GlobalSection(SolutionProperties) = preSolution
		HideSolutionNode = FALSE
	EndGlobalSection
	GlobalSection(ExtensibilityGlobals) = postSolution
		SolutionGuid = {AD1FA761-96CC-4C5F-A12A-55BC460880DD}
	EndGlobalSection
EndGlobal
